{
  "lockfileVersion": 1,
  "workspaces": {
    "": {
      "name": "@seth/Remote",
      "dependencies": {
        "@types/ws": "^8.18.1",
        "beercss": "^3.11.33",
        "material-dynamic-colors": "^1.1.2",
        "reconnecting-websocket": "^4.4.0",
        "ws": "^8.18.3",
      },
    },
  },
  "packages": {
    "@material/material-color-utilities": ["@material/material-color-utilities@0.2.7", "", {}, "sha512-0FCeqG6WvK4/Cc06F/xXMd/pv4FeisI0c1tUpBbfhA2n9Y8eZEv4Karjbmf2ZqQCPUWMrGp8A571tCjizxoTiQ=="],

    "@types/node": ["@types/node@24.2.1", "", { "dependencies": { "undici-types": "~7.10.0" } }, "sha512-DRh5K+ka5eJic8CjH7td8QpYEV6Zo10gfRkjHCO3weqZHWDtAaSTFtl4+VMqOJ4N5jcuhZ9/l+yy8rVgw7BQeQ=="],

    "@types/ws": ["@types/ws@8.18.1", "", { "dependencies": { "@types/node": "*" } }, "sha512-ThVF6DCVhA8kUGy+aazFQ4kXQ7E1Ty7A3ypFOe0IcJV8O/M511G99AW24irKrW56Wt44yG9+ij8FaqoBGkuBXg=="],

    "beercss": ["beercss@3.11.33", "", { "dependencies": { "material-dynamic-colors": "^1.1.2" } }, "sha512-5R7t0IWg4Q1ky4rhzsPKoIiF7xi9Eo0l4mjWh/TkhSnFMp9yM6i3q1CykwcOmRw6o8I0Q+LjZL3YNLD1krvcEA=="],

    "material-dynamic-colors": ["material-dynamic-colors@1.1.2", "", { "dependencies": { "@material/material-color-utilities": "^0.2.7" }, "bin": { "material-dynamic-colors": "cli.js" } }, "sha512-8KD0jrPTFs2x06UJWbvkg6E0HyzFjrvS5oOc2DsXzIEOqZTbb3ruLMUhNuPSl8WeHA/O/RTAlTLcxqYXJzYwPA=="],

    "reconnecting-websocket": ["reconnecting-websocket@4.4.0", "", {}, "sha512-D2E33ceRPga0NvTDhJmphEgJ7FUYF0v4lr1ki0csq06OdlxKfugGzN0dSkxM/NfqCxYELK4KcaTOUOjTV6Dcng=="],

    "undici-types": ["undici-types@7.10.0", "", {}, "sha512-t5Fy/nfn+14LuOc2KNYg75vZqClpAiqscVvMygNnlsHBFpSXdJaYtXMcdNLpl/Qvc3P2cB3s6lOV51nqsFq4ag=="],

    "ws": ["ws@8.18.3", "", { "peerDependencies": { "bufferutil": "^4.0.1", "utf-8-validate": ">=5.0.2" }, "optionalPeers": ["bufferutil", "utf-8-validate"] }, "sha512-PEIGCY5tSlUt50cqyMXfCzX+oOPqN0vuGqWzbcJ2xvnkzkq46oOpz7dQaTDBdfICb4N14+GARUDw2XV2N4tvzg=="],
  }
}
